PODS:
  - Bolts/Tasks (1.6.0)
  - CocoaLumberjack (2.2.0):
    - CocoaLumberjack/Default (= 2.2.0)
    - CocoaLumberjack/Extensions (= 2.2.0)
  - CocoaLumberjack/Core (2.2.0)
  - CocoaLumberjack/Default (2.2.0):
    - CocoaLumberjack/Core
  - CocoaLumberjack/Extensions (2.2.0):
    - CocoaLumberjack/Default
  - Parse (1.12.0):
    - Bolts/Tasks (~> 1.5)

DEPENDENCIES:
  - CocoaLumberjack
  - Parse

SPEC CHECKSUMS:
  Bolts: f52a250053bb517ca874523c3913776359ab3def
  CocoaLumberjack: 17fe8581f84914d5d7e6360f7c70022b173c3ae0
  Parse: de2c52a9a1421b91ae7594ab8ce191afd184f19b

COCOAPODS: 0.38.2
