// !$*UTF8*$!
{
	archiveVersion = 1;
	classes = {
	};
	objectVersion = 46;
	objects = {

/* Begin PBXBuildFile section */
		0302AED01C43C0E600D411D1 /* NVBBeacon.h in Headers */ = {isa = PBXBuildFile; fileRef = 0302AECE1C43C0E600D411D1 /* NVBBeacon.h */; };
		0302AED11C43C0E700D411D1 /* NVBBeacon.m in Sources */ = {isa = PBXBuildFile; fileRef = 0302AECF1C43C0E600D411D1 /* NVBBeacon.m */; };
		0302AED41C43C22D00D411D1 /* NVBShowBeacon.h in Headers */ = {isa = PBXBuildFile; fileRef = 0302AED21C43C22D00D411D1 /* NVBShowBeacon.h */; };
		0302AED51C43C22D00D411D1 /* NVBShowBeacon.m in Sources */ = {isa = PBXBuildFile; fileRef = 0302AED31C43C22D00D411D1 /* NVBShowBeacon.m */; };
		0302AEDA1C43C23D00D411D1 /* UIImageView+AFNetworking.h in Headers */ = {isa = PBXBuildFile; fileRef = 0302AED61C43C23D00D411D1 /* UIImageView+AFNetworking.h */; };
		0302AEDB1C43C23D00D411D1 /* UIImageView+AFNetworking.m in Sources */ = {isa = PBXBuildFile; fileRef = 0302AED71C43C23D00D411D1 /* UIImageView+AFNetworking.m */; };
		0302AEDC1C43C23D00D411D1 /* UIView+NVBAnimations.h in Headers */ = {isa = PBXBuildFile; fileRef = 0302AED81C43C23D00D411D1 /* UIView+NVBAnimations.h */; };
		0302AEDD1C43C23D00D411D1 /* UIView+NVBAnimations.m in Sources */ = {isa = PBXBuildFile; fileRef = 0302AED91C43C23D00D411D1 /* UIView+NVBAnimations.m */; };
		0302AEE21C43C25900D411D1 /* NVBNotificationView.h in Headers */ = {isa = PBXBuildFile; fileRef = 0302AEDF1C43C25900D411D1 /* NVBNotificationView.h */; };
		0302AEE31C43C25900D411D1 /* NVBNotificationView.m in Sources */ = {isa = PBXBuildFile; fileRef = 0302AEE01C43C25900D411D1 /* NVBNotificationView.m */; };
		0302AEE41C43C25900D411D1 /* NVBNotificationView.xib in Resources */ = {isa = PBXBuildFile; fileRef = 0302AEE11C43C25900D411D1 /* NVBNotificationView.xib */; };
		0302AEEC1C43C43400D411D1 /* NVBBeaconMonitoringService.h in Headers */ = {isa = PBXBuildFile; fileRef = 0302AEE61C43C43400D411D1 /* NVBBeaconMonitoringService.h */; };
		0302AEED1C43C43400D411D1 /* NVBBeaconMonitoringService.m in Sources */ = {isa = PBXBuildFile; fileRef = 0302AEE71C43C43400D411D1 /* NVBBeaconMonitoringService.m */; };
		0302AEEE1C43C43400D411D1 /* NVBDataStore.h in Headers */ = {isa = PBXBuildFile; fileRef = 0302AEE81C43C43400D411D1 /* NVBDataStore.h */; };
		0302AEEF1C43C43400D411D1 /* NVBDataStore.m in Sources */ = {isa = PBXBuildFile; fileRef = 0302AEE91C43C43400D411D1 /* NVBDataStore.m */; };
		0302AEF41C43C98400D411D1 /* NVBBeaconPromotion.h in Headers */ = {isa = PBXBuildFile; fileRef = 0302AEF21C43C98400D411D1 /* NVBBeaconPromotion.h */; };
		0302AEF51C43C98400D411D1 /* NVBBeaconPromotion.m in Sources */ = {isa = PBXBuildFile; fileRef = 0302AEF31C43C98400D411D1 /* NVBBeaconPromotion.m */; };
		0302AF0C1C43CD5E00D411D1 /* AFHTTPClient.h in Headers */ = {isa = PBXBuildFile; fileRef = 0302AEFB1C43CD5E00D411D1 /* AFHTTPClient.h */; };
		0302AF0D1C43CD5E00D411D1 /* AFHTTPClient.m in Sources */ = {isa = PBXBuildFile; fileRef = 0302AEFC1C43CD5E00D411D1 /* AFHTTPClient.m */; };
		0302AF0E1C43CD5E00D411D1 /* AFHTTPRequestOperation.h in Headers */ = {isa = PBXBuildFile; fileRef = 0302AEFD1C43CD5E00D411D1 /* AFHTTPRequestOperation.h */; };
		0302AF0F1C43CD5E00D411D1 /* AFHTTPRequestOperation.m in Sources */ = {isa = PBXBuildFile; fileRef = 0302AEFE1C43CD5E00D411D1 /* AFHTTPRequestOperation.m */; };
		0302AF101C43CD5E00D411D1 /* AFImageRequestOperation.h in Headers */ = {isa = PBXBuildFile; fileRef = 0302AEFF1C43CD5E00D411D1 /* AFImageRequestOperation.h */; };
		0302AF111C43CD5E00D411D1 /* AFImageRequestOperation.m in Sources */ = {isa = PBXBuildFile; fileRef = 0302AF001C43CD5E00D411D1 /* AFImageRequestOperation.m */; };
		0302AF121C43CD5E00D411D1 /* AFJSONRequestOperation.h in Headers */ = {isa = PBXBuildFile; fileRef = 0302AF011C43CD5E00D411D1 /* AFJSONRequestOperation.h */; };
		0302AF131C43CD5E00D411D1 /* AFJSONRequestOperation.m in Sources */ = {isa = PBXBuildFile; fileRef = 0302AF021C43CD5E00D411D1 /* AFJSONRequestOperation.m */; };
		0302AF141C43CD5E00D411D1 /* AFNetworkActivityIndicatorManager.h in Headers */ = {isa = PBXBuildFile; fileRef = 0302AF031C43CD5E00D411D1 /* AFNetworkActivityIndicatorManager.h */; };
		0302AF151C43CD5E00D411D1 /* AFNetworkActivityIndicatorManager.m in Sources */ = {isa = PBXBuildFile; fileRef = 0302AF041C43CD5E00D411D1 /* AFNetworkActivityIndicatorManager.m */; };
		0302AF161C43CD5E00D411D1 /* AFNetworking.h in Headers */ = {isa = PBXBuildFile; fileRef = 0302AF051C43CD5E00D411D1 /* AFNetworking.h */; };
		0302AF171C43CD5E00D411D1 /* AFPropertyListRequestOperation.h in Headers */ = {isa = PBXBuildFile; fileRef = 0302AF061C43CD5E00D411D1 /* AFPropertyListRequestOperation.h */; };
		0302AF181C43CD5E00D411D1 /* AFPropertyListRequestOperation.m in Sources */ = {isa = PBXBuildFile; fileRef = 0302AF071C43CD5E00D411D1 /* AFPropertyListRequestOperation.m */; };
		0302AF191C43CD5E00D411D1 /* AFURLConnectionOperation.h in Headers */ = {isa = PBXBuildFile; fileRef = 0302AF081C43CD5E00D411D1 /* AFURLConnectionOperation.h */; };
		0302AF1A1C43CD5E00D411D1 /* AFURLConnectionOperation.m in Sources */ = {isa = PBXBuildFile; fileRef = 0302AF091C43CD5E00D411D1 /* AFURLConnectionOperation.m */; };
		0302AF1B1C43CD5E00D411D1 /* AFXMLRequestOperation.h in Headers */ = {isa = PBXBuildFile; fileRef = 0302AF0A1C43CD5E00D411D1 /* AFXMLRequestOperation.h */; };
		0302AF1C1C43CD5E00D411D1 /* AFXMLRequestOperation.m in Sources */ = {isa = PBXBuildFile; fileRef = 0302AF0B1C43CD5E00D411D1 /* AFXMLRequestOperation.m */; };
		0302AF1F1C44141600D411D1 /* NVBBeaconSDKPrefix.pch in Headers */ = {isa = PBXBuildFile; fileRef = 0302AF1E1C44141600D411D1 /* NVBBeaconSDKPrefix.pch */; };
		03A06AB31C45A1BE0075288A /* NVBCustomFormatter.h in Headers */ = {isa = PBXBuildFile; fileRef = 03A06AB11C45A1BE0075288A /* NVBCustomFormatter.h */; };
		03A06AB41C45A1BE0075288A /* NVBCustomFormatter.m in Sources */ = {isa = PBXBuildFile; fileRef = 03A06AB21C45A1BE0075288A /* NVBCustomFormatter.m */; };
		0498F1651C3D422400D45983 /* NVBBeaconSDK.framework in Frameworks */ = {isa = PBXBuildFile; fileRef = 0498F15A1C3D422400D45983 /* NVBBeaconSDK.framework */; };
		0498F16A1C3D422400D45983 /* NVBBeaconSDKTests.m in Sources */ = {isa = PBXBuildFile; fileRef = 0498F1691C3D422400D45983 /* NVBBeaconSDKTests.m */; };
		0498F17F1C3D491F00D45983 /* NVBHTTPClient.h in Headers */ = {isa = PBXBuildFile; fileRef = 0498F17D1C3D491F00D45983 /* NVBHTTPClient.h */; };
		0498F1801C3D491F00D45983 /* NVBHTTPClient.m in Sources */ = {isa = PBXBuildFile; fileRef = 0498F17E1C3D491F00D45983 /* NVBHTTPClient.m */; };
		0498F1891C3D6A7B00D45983 /* NVBBeaconSDK.h in Headers */ = {isa = PBXBuildFile; fileRef = 0498F1871C3D6A7B00D45983 /* NVBBeaconSDK.h */; };
		0498F18A1C3D6A7B00D45983 /* NVBBeaconSDK.m in Sources */ = {isa = PBXBuildFile; fileRef = 0498F1881C3D6A7B00D45983 /* NVBBeaconSDK.m */; };
		C20EE0E1B4AD7E24BE5477DE /* libPods-NVBBeaconSDK.a in Frameworks */ = {isa = PBXBuildFile; fileRef = BE5C2B4DB09F8F3C0DCEA917 /* libPods-NVBBeaconSDK.a */; };
/* End PBXBuildFile section */

/* Begin PBXContainerItemProxy section */
		0498F1661C3D422400D45983 /* PBXContainerItemProxy */ = {
			isa = PBXContainerItemProxy;
			containerPortal = 0498F1511C3D422400D45983 /* Project object */;
			proxyType = 1;
			remoteGlobalIDString = 0498F1591C3D422400D45983;
			remoteInfo = NVBBeaconSDK;
		};
/* End PBXContainerItemProxy section */

/* Begin PBXFileReference section */
		0302AECE1C43C0E600D411D1 /* NVBBeacon.h */ = {isa = PBXFileReference; fileEncoding = 4; lastKnownFileType = sourcecode.c.h; path = NVBBeacon.h; sourceTree = "<group>"; };
		0302AECF1C43C0E600D411D1 /* NVBBeacon.m */ = {isa = PBXFileReference; fileEncoding = 4; lastKnownFileType = sourcecode.c.objc; path = NVBBeacon.m; sourceTree = "<group>"; };
		0302AED21C43C22D00D411D1 /* NVBShowBeacon.h */ = {isa = PBXFileReference; fileEncoding = 4; lastKnownFileType = sourcecode.c.h; path = NVBShowBeacon.h; sourceTree = "<group>"; };
		0302AED31C43C22D00D411D1 /* NVBShowBeacon.m */ = {isa = PBXFileReference; fileEncoding = 4; lastKnownFileType = sourcecode.c.objc; path = NVBShowBeacon.m; sourceTree = "<group>"; };
		0302AED61C43C23D00D411D1 /* UIImageView+AFNetworking.h */ = {isa = PBXFileReference; fileEncoding = 4; lastKnownFileType = sourcecode.c.h; path = "UIImageView+AFNetworking.h"; sourceTree = "<group>"; };
		0302AED71C43C23D00D411D1 /* UIImageView+AFNetworking.m */ = {isa = PBXFileReference; fileEncoding = 4; lastKnownFileType = sourcecode.c.objc; path = "UIImageView+AFNetworking.m"; sourceTree = "<group>"; };
		0302AED81C43C23D00D411D1 /* UIView+NVBAnimations.h */ = {isa = PBXFileReference; fileEncoding = 4; lastKnownFileType = sourcecode.c.h; path = "UIView+NVBAnimations.h"; sourceTree = "<group>"; };
		0302AED91C43C23D00D411D1 /* UIView+NVBAnimations.m */ = {isa = PBXFileReference; fileEncoding = 4; lastKnownFileType = sourcecode.c.objc; path = "UIView+NVBAnimations.m"; sourceTree = "<group>"; };
		0302AEDF1C43C25900D411D1 /* NVBNotificationView.h */ = {isa = PBXFileReference; fileEncoding = 4; lastKnownFileType = sourcecode.c.h; path = NVBNotificationView.h; sourceTree = "<group>"; };
		0302AEE01C43C25900D411D1 /* NVBNotificationView.m */ = {isa = PBXFileReference; fileEncoding = 4; lastKnownFileType = sourcecode.c.objc; path = NVBNotificationView.m; sourceTree = "<group>"; };
		0302AEE11C43C25900D411D1 /* NVBNotificationView.xib */ = {isa = PBXFileReference; fileEncoding = 4; lastKnownFileType = file.xib; path = NVBNotificationView.xib; sourceTree = "<group>"; };
		0302AEE61C43C43400D411D1 /* NVBBeaconMonitoringService.h */ = {isa = PBXFileReference; fileEncoding = 4; lastKnownFileType = sourcecode.c.h; path = NVBBeaconMonitoringService.h; sourceTree = "<group>"; };
		0302AEE71C43C43400D411D1 /* NVBBeaconMonitoringService.m */ = {isa = PBXFileReference; fileEncoding = 4; lastKnownFileType = sourcecode.c.objc; path = NVBBeaconMonitoringService.m; sourceTree = "<group>"; };
		0302AEE81C43C43400D411D1 /* NVBDataStore.h */ = {isa = PBXFileReference; fileEncoding = 4; lastKnownFileType = sourcecode.c.h; path = NVBDataStore.h; sourceTree = "<group>"; };
		0302AEE91C43C43400D411D1 /* NVBDataStore.m */ = {isa = PBXFileReference; fileEncoding = 4; lastKnownFileType = sourcecode.c.objc; path = NVBDataStore.m; sourceTree = "<group>"; };
		0302AEF21C43C98400D411D1 /* NVBBeaconPromotion.h */ = {isa = PBXFileReference; fileEncoding = 4; lastKnownFileType = sourcecode.c.h; path = NVBBeaconPromotion.h; sourceTree = "<group>"; };
		0302AEF31C43C98400D411D1 /* NVBBeaconPromotion.m */ = {isa = PBXFileReference; fileEncoding = 4; lastKnownFileType = sourcecode.c.objc; path = NVBBeaconPromotion.m; sourceTree = "<group>"; };
		0302AEFB1C43CD5E00D411D1 /* AFHTTPClient.h */ = {isa = PBXFileReference; fileEncoding = 4; lastKnownFileType = sourcecode.c.h; path = AFHTTPClient.h; sourceTree = "<group>"; };
		0302AEFC1C43CD5E00D411D1 /* AFHTTPClient.m */ = {isa = PBXFileReference; fileEncoding = 4; lastKnownFileType = sourcecode.c.objc; path = AFHTTPClient.m; sourceTree = "<group>"; };
		0302AEFD1C43CD5E00D411D1 /* AFHTTPRequestOperation.h */ = {isa = PBXFileReference; fileEncoding = 4; lastKnownFileType = sourcecode.c.h; path = AFHTTPRequestOperation.h; sourceTree = "<group>"; };
		0302AEFE1C43CD5E00D411D1 /* AFHTTPRequestOperation.m */ = {isa = PBXFileReference; fileEncoding = 4; lastKnownFileType = sourcecode.c.objc; path = AFHTTPRequestOperation.m; sourceTree = "<group>"; };
		0302AEFF1C43CD5E00D411D1 /* AFImageRequestOperation.h */ = {isa = PBXFileReference; fileEncoding = 4; lastKnownFileType = sourcecode.c.h; path = AFImageRequestOperation.h; sourceTree = "<group>"; };
		0302AF001C43CD5E00D411D1 /* AFImageRequestOperation.m */ = {isa = PBXFileReference; fileEncoding = 4; lastKnownFileType = sourcecode.c.objc; path = AFImageRequestOperation.m; sourceTree = "<group>"; };
		0302AF011C43CD5E00D411D1 /* AFJSONRequestOperation.h */ = {isa = PBXFileReference; fileEncoding = 4; lastKnownFileType = sourcecode.c.h; path = AFJSONRequestOperation.h; sourceTree = "<group>"; };
		0302AF021C43CD5E00D411D1 /* AFJSONRequestOperation.m */ = {isa = PBXFileReference; fileEncoding = 4; lastKnownFileType = sourcecode.c.objc; path = AFJSONRequestOperation.m; sourceTree = "<group>"; };
		0302AF031C43CD5E00D411D1 /* AFNetworkActivityIndicatorManager.h */ = {isa = PBXFileReference; fileEncoding = 4; lastKnownFileType = sourcecode.c.h; path = AFNetworkActivityIndicatorManager.h; sourceTree = "<group>"; };
		0302AF041C43CD5E00D411D1 /* AFNetworkActivityIndicatorManager.m */ = {isa = PBXFileReference; fileEncoding = 4; lastKnownFileType = sourcecode.c.objc; path = AFNetworkActivityIndicatorManager.m; sourceTree = "<group>"; };
		0302AF051C43CD5E00D411D1 /* AFNetworking.h */ = {isa = PBXFileReference; fileEncoding = 4; lastKnownFileType = sourcecode.c.h; path = AFNetworking.h; sourceTree = "<group>"; };
		0302AF061C43CD5E00D411D1 /* AFPropertyListRequestOperation.h */ = {isa = PBXFileReference; fileEncoding = 4; lastKnownFileType = sourcecode.c.h; path = AFPropertyListRequestOperation.h; sourceTree = "<group>"; };
		0302AF071C43CD5E00D411D1 /* AFPropertyListRequestOperation.m */ = {isa = PBXFileReference; fileEncoding = 4; lastKnownFileType = sourcecode.c.objc; path = AFPropertyListRequestOperation.m; sourceTree = "<group>"; };
		0302AF081C43CD5E00D411D1 /* AFURLConnectionOperation.h */ = {isa = PBXFileReference; fileEncoding = 4; lastKnownFileType = sourcecode.c.h; path = AFURLConnectionOperation.h; sourceTree = "<group>"; };
		0302AF091C43CD5E00D411D1 /* AFURLConnectionOperation.m */ = {isa = PBXFileReference; fileEncoding = 4; lastKnownFileType = sourcecode.c.objc; path = AFURLConnectionOperation.m; sourceTree = "<group>"; };
		0302AF0A1C43CD5E00D411D1 /* AFXMLRequestOperation.h */ = {isa = PBXFileReference; fileEncoding = 4; lastKnownFileType = sourcecode.c.h; path = AFXMLRequestOperation.h; sourceTree = "<group>"; };
		0302AF0B1C43CD5E00D411D1 /* AFXMLRequestOperation.m */ = {isa = PBXFileReference; fileEncoding = 4; lastKnownFileType = sourcecode.c.objc; path = AFXMLRequestOperation.m; sourceTree = "<group>"; };
		0302AF1E1C44141600D411D1 /* NVBBeaconSDKPrefix.pch */ = {isa = PBXFileReference; fileEncoding = 4; lastKnownFileType = sourcecode.c.h; path = NVBBeaconSDKPrefix.pch; sourceTree = "<group>"; };
		03A06AB11C45A1BE0075288A /* NVBCustomFormatter.h */ = {isa = PBXFileReference; fileEncoding = 4; lastKnownFileType = sourcecode.c.h; path = NVBCustomFormatter.h; sourceTree = "<group>"; };
		03A06AB21C45A1BE0075288A /* NVBCustomFormatter.m */ = {isa = PBXFileReference; fileEncoding = 4; lastKnownFileType = sourcecode.c.objc; path = NVBCustomFormatter.m; sourceTree = "<group>"; };
		0498F15A1C3D422400D45983 /* NVBBeaconSDK.framework */ = {isa = PBXFileReference; explicitFileType = wrapper.framework; includeInIndex = 0; path = NVBBeaconSDK.framework; sourceTree = BUILT_PRODUCTS_DIR; };
		0498F15F1C3D422400D45983 /* Info.plist */ = {isa = PBXFileReference; lastKnownFileType = text.plist.xml; path = Info.plist; sourceTree = "<group>"; };
		0498F1641C3D422400D45983 /* NVBBeaconSDKTests.xctest */ = {isa = PBXFileReference; explicitFileType = wrapper.cfbundle; includeInIndex = 0; path = NVBBeaconSDKTests.xctest; sourceTree = BUILT_PRODUCTS_DIR; };
		0498F1691C3D422400D45983 /* NVBBeaconSDKTests.m */ = {isa = PBXFileReference; lastKnownFileType = sourcecode.c.objc; path = NVBBeaconSDKTests.m; sourceTree = "<group>"; };
		0498F16B1C3D422400D45983 /* Info.plist */ = {isa = PBXFileReference; lastKnownFileType = text.plist.xml; path = Info.plist; sourceTree = "<group>"; };
		0498F17D1C3D491F00D45983 /* NVBHTTPClient.h */ = {isa = PBXFileReference; fileEncoding = 4; lastKnownFileType = sourcecode.c.h; path = NVBHTTPClient.h; sourceTree = "<group>"; };
		0498F17E1C3D491F00D45983 /* NVBHTTPClient.m */ = {isa = PBXFileReference; fileEncoding = 4; lastKnownFileType = sourcecode.c.objc; path = NVBHTTPClient.m; sourceTree = "<group>"; };
		0498F1811C3D605B00D45983 /* AudioToolbox.framework */ = {isa = PBXFileReference; lastKnownFileType = wrapper.framework; name = AudioToolbox.framework; path = System/Library/Frameworks/AudioToolbox.framework; sourceTree = SDKROOT; };
		0498F1831C3D606200D45983 /* CFNetwork.framework */ = {isa = PBXFileReference; lastKnownFileType = wrapper.framework; name = CFNetwork.framework; path = System/Library/Frameworks/CFNetwork.framework; sourceTree = SDKROOT; };
		0498F1871C3D6A7B00D45983 /* NVBBeaconSDK.h */ = {isa = PBXFileReference; fileEncoding = 4; lastKnownFileType = sourcecode.c.h; path = NVBBeaconSDK.h; sourceTree = "<group>"; };
		0498F1881C3D6A7B00D45983 /* NVBBeaconSDK.m */ = {isa = PBXFileReference; fileEncoding = 4; lastKnownFileType = sourcecode.c.objc; path = NVBBeaconSDK.m; sourceTree = "<group>"; };
		615C78D28A5835463F5B11B8 /* Pods-NVBBeaconSDK.release.xcconfig */ = {isa = PBXFileReference; includeInIndex = 1; lastKnownFileType = text.xcconfig; name = "Pods-NVBBeaconSDK.release.xcconfig"; path = "Pods/Target Support Files/Pods-NVBBeaconSDK/Pods-NVBBeaconSDK.release.xcconfig"; sourceTree = "<group>"; };
		7A4C00CE8017E8FBD7660580 /* Pods-NVBBeaconSDK.debug.xcconfig */ = {isa = PBXFileReference; includeInIndex = 1; lastKnownFileType = text.xcconfig; name = "Pods-NVBBeaconSDK.debug.xcconfig"; path = "Pods/Target Support Files/Pods-NVBBeaconSDK/Pods-NVBBeaconSDK.debug.xcconfig"; sourceTree = "<group>"; };
		BE5C2B4DB09F8F3C0DCEA917 /* libPods-NVBBeaconSDK.a */ = {isa = PBXFileReference; explicitFileType = archive.ar; includeInIndex = 0; path = "libPods-NVBBeaconSDK.a"; sourceTree = BUILT_PRODUCTS_DIR; };
/* End PBXFileReference section */

/* Begin PBXFrameworksBuildPhase section */
		0498F1561C3D422400D45983 /* Frameworks */ = {
			isa = PBXFrameworksBuildPhase;
			buildActionMask = 2147483647;
			files = (
				C20EE0E1B4AD7E24BE5477DE /* libPods-NVBBeaconSDK.a in Frameworks */,
			);
			runOnlyForDeploymentPostprocessing = 0;
		};
		0498F1611C3D422400D45983 /* Frameworks */ = {
			isa = PBXFrameworksBuildPhase;
			buildActionMask = 2147483647;
			files = (
				0498F1651C3D422400D45983 /* NVBBeaconSDK.framework in Frameworks */,
			);
			runOnlyForDeploymentPostprocessing = 0;
		};
/* End PBXFrameworksBuildPhase section */

/* Begin PBXGroup section */
		0302AECD1C43C0D700D411D1 /* Models */ = {
			isa = PBXGroup;
			children = (
				0302AEF21C43C98400D411D1 /* NVBBeaconPromotion.h */,
				0302AEF31C43C98400D411D1 /* NVBBeaconPromotion.m */,
				0302AED21C43C22D00D411D1 /* NVBShowBeacon.h */,
				0302AED31C43C22D00D411D1 /* NVBShowBeacon.m */,
				0302AECE1C43C0E600D411D1 /* NVBBeacon.h */,
				0302AECF1C43C0E600D411D1 /* NVBBeacon.m */,
			);
			name = Models;
			sourceTree = "<group>";
		};
		0302AEDE1C43C24800D411D1 /* Views */ = {
			isa = PBXGroup;
			children = (
				0302AEDF1C43C25900D411D1 /* NVBNotificationView.h */,
				0302AEE01C43C25900D411D1 /* NVBNotificationView.m */,
				0302AEE11C43C25900D411D1 /* NVBNotificationView.xib */,
			);
			name = Views;
			sourceTree = "<group>";
		};
		0302AEE51C43C3BC00D411D1 /* Controllers */ = {
			isa = PBXGroup;
			children = (
				0302AEE61C43C43400D411D1 /* NVBBeaconMonitoringService.h */,
				0302AEE71C43C43400D411D1 /* NVBBeaconMonitoringService.m */,
				0302AEE81C43C43400D411D1 /* NVBDataStore.h */,
				0302AEE91C43C43400D411D1 /* NVBDataStore.m */,
			);
			name = Controllers;
			sourceTree = "<group>";
		};
		0302AEFA1C43CD4800D411D1 /* AFNetworking */ = {
			isa = PBXGroup;
			children = (
				0302AEFB1C43CD5E00D411D1 /* AFHTTPClient.h */,
				0302AEFC1C43CD5E00D411D1 /* AFHTTPClient.m */,
				0302AEFD1C43CD5E00D411D1 /* AFHTTPRequestOperation.h */,
				0302AEFE1C43CD5E00D411D1 /* AFHTTPRequestOperation.m */,
				0302AEFF1C43CD5E00D411D1 /* AFImageRequestOperation.h */,
				0302AF001C43CD5E00D411D1 /* AFImageRequestOperation.m */,
				0302AF011C43CD5E00D411D1 /* AFJSONRequestOperation.h */,
				0302AF021C43CD5E00D411D1 /* AFJSONRequestOperation.m */,
				0302AF031C43CD5E00D411D1 /* AFNetworkActivityIndicatorManager.h */,
				0302AF041C43CD5E00D411D1 /* AFNetworkActivityIndicatorManager.m */,
				0302AF051C43CD5E00D411D1 /* AFNetworking.h */,
				0302AF061C43CD5E00D411D1 /* AFPropertyListRequestOperation.h */,
				0302AF071C43CD5E00D411D1 /* AFPropertyListRequestOperation.m */,
				0302AF081C43CD5E00D411D1 /* AFURLConnectionOperation.h */,
				0302AF091C43CD5E00D411D1 /* AFURLConnectionOperation.m */,
				0302AF0A1C43CD5E00D411D1 /* AFXMLRequestOperation.h */,
				0302AF0B1C43CD5E00D411D1 /* AFXMLRequestOperation.m */,
			);
			name = AFNetworking;
			sourceTree = "<group>";
		};
		0302AF1D1C4413FE00D411D1 /* Other */ = {
			isa = PBXGroup;
			children = (
				0302AF1E1C44141600D411D1 /* NVBBeaconSDKPrefix.pch */,
			);
			name = Other;
			sourceTree = "<group>";
		};
		0401CBEB1C40067F00332CC0 /* Utilities */ = {
			isa = PBXGroup;
			children = (
				0302AED61C43C23D00D411D1 /* UIImageView+AFNetworking.h */,
				0302AED71C43C23D00D411D1 /* UIImageView+AFNetworking.m */,
				0302AED81C43C23D00D411D1 /* UIView+NVBAnimations.h */,
				0302AED91C43C23D00D411D1 /* UIView+NVBAnimations.m */,
				03A06AB11C45A1BE0075288A /* NVBCustomFormatter.h */,
				03A06AB21C45A1BE0075288A /* NVBCustomFormatter.m */,
			);
			path = Utilities;
			sourceTree = "<group>";
		};
		0498F1501C3D422400D45983 = {
			isa = PBXGroup;
			children = (
				0498F15C1C3D422400D45983 /* NVBBeaconSDK */,
				0498F1681C3D422400D45983 /* NVBBeaconSDKTests */,
				0498F15B1C3D422400D45983 /* Products */,
				39C4C0965EA57194C4420A6D /* Pods */,
				D9B8E1893B3696252B0DEFC3 /* Frameworks */,
			);
			sourceTree = "<group>";
		};
		0498F15B1C3D422400D45983 /* Products */ = {
			isa = PBXGroup;
			children = (
				0498F15A1C3D422400D45983 /* NVBBeaconSDK.framework */,
				0498F1641C3D422400D45983 /* NVBBeaconSDKTests.xctest */,
			);
			name = Products;
			sourceTree = "<group>";
		};
		0498F15C1C3D422400D45983 /* NVBBeaconSDK */ = {
			isa = PBXGroup;
			children = (
				0302AF1D1C4413FE00D411D1 /* Other */,
				0302AEE51C43C3BC00D411D1 /* Controllers */,
				0302AEDE1C43C24800D411D1 /* Views */,
				0302AECD1C43C0D700D411D1 /* Models */,
				0401CBEB1C40067F00332CC0 /* Utilities */,
				0498F17C1C3D491F00D45983 /* Networks */,
				0498F15F1C3D422400D45983 /* Info.plist */,
				0498F1871C3D6A7B00D45983 /* NVBBeaconSDK.h */,
				0498F1881C3D6A7B00D45983 /* NVBBeaconSDK.m */,
			);
			path = NVBBeaconSDK;
			sourceTree = "<group>";
		};
		0498F1681C3D422400D45983 /* NVBBeaconSDKTests */ = {
			isa = PBXGroup;
			children = (
				0498F1691C3D422400D45983 /* NVBBeaconSDKTests.m */,
				0498F16B1C3D422400D45983 /* Info.plist */,
			);
			path = NVBBeaconSDKTests;
			sourceTree = "<group>";
		};
		0498F17C1C3D491F00D45983 /* Networks */ = {
			isa = PBXGroup;
			children = (
				0302AEFA1C43CD4800D411D1 /* AFNetworking */,
				0498F17D1C3D491F00D45983 /* NVBHTTPClient.h */,
				0498F17E1C3D491F00D45983 /* NVBHTTPClient.m */,
			);
			path = Networks;
			sourceTree = "<group>";
		};
		39C4C0965EA57194C4420A6D /* Pods */ = {
			isa = PBXGroup;
			children = (
				7A4C00CE8017E8FBD7660580 /* Pods-NVBBeaconSDK.debug.xcconfig */,
				615C78D28A5835463F5B11B8 /* Pods-NVBBeaconSDK.release.xcconfig */,
			);
			name = Pods;
			sourceTree = "<group>";
		};
		D9B8E1893B3696252B0DEFC3 /* Frameworks */ = {
			isa = PBXGroup;
			children = (
				0498F1831C3D606200D45983 /* CFNetwork.framework */,
				0498F1811C3D605B00D45983 /* AudioToolbox.framework */,
				BE5C2B4DB09F8F3C0DCEA917 /* libPods-NVBBeaconSDK.a */,
			);
			name = Frameworks;
			sourceTree = "<group>";
		};
/* End PBXGroup section */

/* Begin PBXHeadersBuildPhase section */
		0498F1571C3D422400D45983 /* Headers */ = {
			isa = PBXHeadersBuildPhase;
			buildActionMask = 2147483647;
			files = (
				0302AED01C43C0E600D411D1 /* NVBBeacon.h in Headers */,
				0302AEEE1C43C43400D411D1 /* NVBDataStore.h in Headers */,
				0302AF0E1C43CD5E00D411D1 /* AFHTTPRequestOperation.h in Headers */,
				0302AF191C43CD5E00D411D1 /* AFURLConnectionOperation.h in Headers */,
				0302AF101C43CD5E00D411D1 /* AFImageRequestOperation.h in Headers */,
				0302AF121C43CD5E00D411D1 /* AFJSONRequestOperation.h in Headers */,
				0302AEF41C43C98400D411D1 /* NVBBeaconPromotion.h in Headers */,
				0302AEDC1C43C23D00D411D1 /* UIView+NVBAnimations.h in Headers */,
				0302AF171C43CD5E00D411D1 /* AFPropertyListRequestOperation.h in Headers */,
				0302AEDA1C43C23D00D411D1 /* UIImageView+AFNetworking.h in Headers */,
				03A06AB31C45A1BE0075288A /* NVBCustomFormatter.h in Headers */,
				0498F1891C3D6A7B00D45983 /* NVBBeaconSDK.h in Headers */,
				0498F17F1C3D491F00D45983 /* NVBHTTPClient.h in Headers */,
				0302AF0C1C43CD5E00D411D1 /* AFHTTPClient.h in Headers */,
				0302AEE21C43C25900D411D1 /* NVBNotificationView.h in Headers */,
				0302AF1B1C43CD5E00D411D1 /* AFXMLRequestOperation.h in Headers */,
				0302AF1F1C44141600D411D1 /* NVBBeaconSDKPrefix.pch in Headers */,
				0302AEEC1C43C43400D411D1 /* NVBBeaconMonitoringService.h in Headers */,
				0302AED41C43C22D00D411D1 /* NVBShowBeacon.h in Headers */,
				0302AF141C43CD5E00D411D1 /* AFNetworkActivityIndicatorManager.h in Headers */,
				0302AF161C43CD5E00D411D1 /* AFNetworking.h in Headers */,
			);
			runOnlyForDeploymentPostprocessing = 0;
		};
/* End PBXHeadersBuildPhase section */

/* Begin PBXNativeTarget section */
		0498F1591C3D422400D45983 /* NVBBeaconSDK */ = {
			isa = PBXNativeTarget;
			buildConfigurationList = 0498F16E1C3D422400D45983 /* Build configuration list for PBXNativeTarget "NVBBeaconSDK" */;
			buildPhases = (
				E6D8D22F500FF219C22A3465 /* Check Pods Manifest.lock */,
				0498F1551C3D422400D45983 /* Sources */,
				0498F1561C3D422400D45983 /* Frameworks */,
				0498F1571C3D422400D45983 /* Headers */,
				0498F1581C3D422400D45983 /* Resources */,
				F46A1AAA51B67F347A03B8F6 /* Copy Pods Resources */,
			);
			buildRules = (
			);
			dependencies = (
			);
			name = NVBBeaconSDK;
			productName = NVBBeaconSDK;
			productReference = 0498F15A1C3D422400D45983 /* NVBBeaconSDK.framework */;
			productType = "com.apple.product-type.framework";
		};
		0498F1631C3D422400D45983 /* NVBBeaconSDKTests */ = {
			isa = PBXNativeTarget;
			buildConfigurationList = 0498F1711C3D422400D45983 /* Build configuration list for PBXNativeTarget "NVBBeaconSDKTests" */;
			buildPhases = (
				0498F1601C3D422400D45983 /* Sources */,
				0498F1611C3D422400D45983 /* Frameworks */,
				0498F1621C3D422400D45983 /* Resources */,
			);
			buildRules = (
			);
			dependencies = (
				0498F1671C3D422400D45983 /* PBXTargetDependency */,
			);
			name = NVBBeaconSDKTests;
			productName = NVBBeaconSDKTests;
			productReference = 0498F1641C3D422400D45983 /* NVBBeaconSDKTests.xctest */;
			productType = "com.apple.product-type.bundle.unit-test";
		};
/* End PBXNativeTarget section */

/* Begin PBXProject section */
		0498F1511C3D422400D45983 /* Project object */ = {
			isa = PBXProject;
			attributes = {
				CLASSPREFIX = NVB;
				LastUpgradeCheck = 0710;
				ORGANIZATIONNAME = Alex;
				TargetAttributes = {
					0498F1591C3D422400D45983 = {
						CreatedOnToolsVersion = 7.1.1;
					};
					0498F1631C3D422400D45983 = {
						CreatedOnToolsVersion = 7.1.1;
					};
				};
			};
			buildConfigurationList = 0498F1541C3D422400D45983 /* Build configuration list for PBXProject "NVBBeaconSDK" */;
			compatibilityVersion = "Xcode 3.2";
			developmentRegion = English;
			hasScannedForEncodings = 0;
			knownRegions = (
				en,
			);
			mainGroup = 0498F1501C3D422400D45983;
			productRefGroup = 0498F15B1C3D422400D45983 /* Products */;
			projectDirPath = "";
			projectRoot = "";
			targets = (
				0498F1591C3D422400D45983 /* NVBBeaconSDK */,
				0498F1631C3D422400D45983 /* NVBBeaconSDKTests */,
			);
		};
/* End PBXProject section */

/* Begin PBXResourcesBuildPhase section */
		0498F1581C3D422400D45983 /* Resources */ = {
			isa = PBXResourcesBuildPhase;
			buildActionMask = 2147483647;
			files = (
				0302AEE41C43C25900D411D1 /* NVBNotificationView.xib in Resources */,
			);
			runOnlyForDeploymentPostprocessing = 0;
		};
		0498F1621C3D422400D45983 /* Resources */ = {
			isa = PBXResourcesBuildPhase;
			buildActionMask = 2147483647;
			files = (
			);
			runOnlyForDeploymentPostprocessing = 0;
		};
/* End PBXResourcesBuildPhase section */

/* Begin PBXShellScriptBuildPhase section */
		E6D8D22F500FF219C22A3465 /* Check Pods Manifest.lock */ = {
			isa = PBXShellScriptBuildPhase;
			buildActionMask = 2147483647;
			files = (
			);
			inputPaths = (
			);
			name = "Check Pods Manifest.lock";
			outputPaths = (
			);
			runOnlyForDeploymentPostprocessing = 0;
			shellPath = /bin/sh;
			shellScript = "diff \"${PODS_ROOT}/../Podfile.lock\" \"${PODS_ROOT}/Manifest.lock\" > /dev/null\nif [[ $? != 0 ]] ; then\n    cat << EOM\nerror: The sandbox is not in sync with the Podfile.lock. Run 'pod install' or update your CocoaPods installation.\nEOM\n    exit 1\nfi\n";
			showEnvVarsInLog = 0;
		};
		F46A1AAA51B67F347A03B8F6 /* Copy Pods Resources */ = {
			isa = PBXShellScriptBuildPhase;
			buildActionMask = 2147483647;
			files = (
			);
			inputPaths = (
			);
			name = "Copy Pods Resources";
			outputPaths = (
			);
			runOnlyForDeploymentPostprocessing = 0;
			shellPath = /bin/sh;
			shellScript = "\"${SRCROOT}/Pods/Target Support Files/Pods-NVBBeaconSDK/Pods-NVBBeaconSDK-resources.sh\"\n";
			showEnvVarsInLog = 0;
		};
/* End PBXShellScriptBuildPhase section */

/* Begin PBXSourcesBuildPhase section */
		0498F1551C3D422400D45983 /* Sources */ = {
			isa = PBXSourcesBuildPhase;
			buildActionMask = 2147483647;
			files = (
				0302AEF51C43C98400D411D1 /* NVBBeaconPromotion.m in Sources */,
				0302AED11C43C0E700D411D1 /* NVBBeacon.m in Sources */,
				0302AED51C43C22D00D411D1 /* NVBShowBeacon.m in Sources */,
				0302AEED1C43C43400D411D1 /* NVBBeaconMonitoringService.m in Sources */,
				0302AF1A1C43CD5E00D411D1 /* AFURLConnectionOperation.m in Sources */,
				0302AF0D1C43CD5E00D411D1 /* AFHTTPClient.m in Sources */,
				0302AF181C43CD5E00D411D1 /* AFPropertyListRequestOperation.m in Sources */,
				0498F1801C3D491F00D45983 /* NVBHTTPClient.m in Sources */,
				0302AF151C43CD5E00D411D1 /* AFNetworkActivityIndicatorManager.m in Sources */,
				0302AF111C43CD5E00D411D1 /* AFImageRequestOperation.m in Sources */,
				0498F18A1C3D6A7B00D45983 /* NVBBeaconSDK.m in Sources */,
				0302AF1C1C43CD5E00D411D1 /* AFXMLRequestOperation.m in Sources */,
				0302AEE31C43C25900D411D1 /* NVBNotificationView.m in Sources */,
				0302AEDB1C43C23D00D411D1 /* UIImageView+AFNetworking.m in Sources */,
				0302AEDD1C43C23D00D411D1 /* UIView+NVBAnimations.m in Sources */,
				0302AF0F1C43CD5E00D411D1 /* AFHTTPRequestOperation.m in Sources */,
				03A06AB41C45A1BE0075288A /* NVBCustomFormatter.m in Sources */,
				0302AF131C43CD5E00D411D1 /* AFJSONRequestOperation.m in Sources */,
				0302AEEF1C43C43400D411D1 /* NVBDataStore.m in Sources */,
			);
			runOnlyForDeploymentPostprocessing = 0;
		};
		0498F1601C3D422400D45983 /* Sources */ = {
			isa = PBXSourcesBuildPhase;
			buildActionMask = 2147483647;
			files = (
				0498F16A1C3D422400D45983 /* NVBBeaconSDKTests.m in Sources */,
			);
			runOnlyForDeploymentPostprocessing = 0;
		};
/* End PBXSourcesBuildPhase section */

/* Begin PBXTargetDependency section */
		0498F1671C3D422400D45983 /* PBXTargetDependency */ = {
			isa = PBXTargetDependency;
			target = 0498F1591C3D422400D45983 /* NVBBeaconSDK */;
			targetProxy = 0498F1661C3D422400D45983 /* PBXContainerItemProxy */;
		};
/* End PBXTargetDependency section */

/* Begin XCBuildConfiguration section */
		0498F16C1C3D422400D45983 /* Debug */ = {
			isa = XCBuildConfiguration;
			buildSettings = {
				ALWAYS_SEARCH_USER_PATHS = NO;
				CLANG_CXX_LANGUAGE_STANDARD = "gnu++0x";
				CLANG_CXX_LIBRARY = "libc++";
				CLANG_ENABLE_MODULES = YES;
				CLANG_ENABLE_OBJC_ARC = YES;
				CLANG_WARN_BOOL_CONVERSION = YES;
				CLANG_WARN_CONSTANT_CONVERSION = YES;
				CLANG_WARN_DIRECT_OBJC_ISA_USAGE = YES_ERROR;
				CLANG_WARN_EMPTY_BODY = YES;
				CLANG_WARN_ENUM_CONVERSION = YES;
				CLANG_WARN_INT_CONVERSION = YES;
				CLANG_WARN_OBJC_ROOT_CLASS = YES_ERROR;
				CLANG_WARN_UNREACHABLE_CODE = YES;
				CLANG_WARN__DUPLICATE_METHOD_MATCH = YES;
				"CODE_SIGN_IDENTITY[sdk=iphoneos*]" = "iPhone Developer";
				COPY_PHASE_STRIP = NO;
				CURRENT_PROJECT_VERSION = 1;
				DEBUG_INFORMATION_FORMAT = dwarf;
				ENABLE_STRICT_OBJC_MSGSEND = YES;
				ENABLE_TESTABILITY = YES;
				GCC_C_LANGUAGE_STANDARD = gnu99;
				GCC_DYNAMIC_NO_PIC = NO;
				GCC_NO_COMMON_BLOCKS = YES;
				GCC_OPTIMIZATION_LEVEL = 0;
				GCC_PREPROCESSOR_DEFINITIONS = (
					"DEBUG=1",
					"$(inherited)",
				);
				GCC_WARN_64_TO_32_BIT_CONVERSION = YES;
				GCC_WARN_ABOUT_RETURN_TYPE = YES_ERROR;
				GCC_WARN_UNDECLARED_SELECTOR = YES;
				GCC_WARN_UNINITIALIZED_AUTOS = YES_AGGRESSIVE;
				GCC_WARN_UNUSED_FUNCTION = YES;
				GCC_WARN_UNUSED_VARIABLE = YES;
				IPHONEOS_DEPLOYMENT_TARGET = 8.0;
				MTL_ENABLE_DEBUG_INFO = YES;
				ONLY_ACTIVE_ARCH = YES;
				SDKROOT = iphoneos;
				TARGETED_DEVICE_FAMILY = "1,2";
				VERSIONING_SYSTEM = "apple-generic";
				VERSION_INFO_PREFIX = "";
			};
			name = Debug;
		};
		0498F16D1C3D422400D45983 /* Release */ = {
			isa = XCBuildConfiguration;
			buildSettings = {
				ALWAYS_SEARCH_USER_PATHS = NO;
				CLANG_CXX_LANGUAGE_STANDARD = "gnu++0x";
				CLANG_CXX_LIBRARY = "libc++";
				CLANG_ENABLE_MODULES = YES;
				CLANG_ENABLE_OBJC_ARC = YES;
				CLANG_WARN_BOOL_CONVERSION = YES;
				CLANG_WARN_CONSTANT_CONVERSION = YES;
				CLANG_WARN_DIRECT_OBJC_ISA_USAGE = YES_ERROR;
				CLANG_WARN_EMPTY_BODY = YES;
				CLANG_WARN_ENUM_CONVERSION = YES;
				CLANG_WARN_INT_CONVERSION = YES;
				CLANG_WARN_OBJC_ROOT_CLASS = YES_ERROR;
				CLANG_WARN_UNREACHABLE_CODE = YES;
				CLANG_WARN__DUPLICATE_METHOD_MATCH = YES;
				"CODE_SIGN_IDENTITY[sdk=iphoneos*]" = "iPhone Developer";
				COPY_PHASE_STRIP = NO;
				CURRENT_PROJECT_VERSION = 1;
				DEBUG_INFORMATION_FORMAT = "dwarf-with-dsym";
				ENABLE_NS_ASSERTIONS = NO;
				ENABLE_STRICT_OBJC_MSGSEND = YES;
				GCC_C_LANGUAGE_STANDARD = gnu99;
				GCC_NO_COMMON_BLOCKS = YES;
				GCC_WARN_64_TO_32_BIT_CONVERSION = YES;
				GCC_WARN_ABOUT_RETURN_TYPE = YES_ERROR;
				GCC_WARN_UNDECLARED_SELECTOR = YES;
				GCC_WARN_UNINITIALIZED_AUTOS = YES_AGGRESSIVE;
				GCC_WARN_UNUSED_FUNCTION = YES;
				GCC_WARN_UNUSED_VARIABLE = YES;
				IPHONEOS_DEPLOYMENT_TARGET = 8.0;
				MTL_ENABLE_DEBUG_INFO = NO;
				SDKROOT = iphoneos;
				TARGETED_DEVICE_FAMILY = "1,2";
				VALIDATE_PRODUCT = YES;
				VERSIONING_SYSTEM = "apple-generic";
				VERSION_INFO_PREFIX = "";
			};
			name = Release;
		};
		0498F16F1C3D422400D45983 /* Debug */ = {
			isa = XCBuildConfiguration;
			baseConfigurationReference = 7A4C00CE8017E8FBD7660580 /* Pods-NVBBeaconSDK.debug.xcconfig */;
			buildSettings = {
				DEFINES_MODULE = YES;
				DYLIB_COMPATIBILITY_VERSION = 1;
				DYLIB_CURRENT_VERSION = 1;
				DYLIB_INSTALL_NAME_BASE = "@rpath";
				GCC_PRECOMPILE_PREFIX_HEADER = YES;
				GCC_PREFIX_HEADER = "$(SRCROOT)/NVBBeaconSDK/NVBBeaconSDKPrefix.pch";
				INFOPLIST_FILE = NVBBeaconSDK/Info.plist;
				INSTALL_PATH = "$(LOCAL_LIBRARY_DIR)/Frameworks";
				IPHONEOS_DEPLOYMENT_TARGET = 8.0;
				LD_RUNPATH_SEARCH_PATHS = "$(inherited) @executable_path/Frameworks @loader_path/Frameworks";
				PRODUCT_BUNDLE_IDENTIFIER = NVB.NVBBeaconSDK;
				PRODUCT_NAME = "$(TARGET_NAME)";
				SKIP_INSTALL = YES;
			};
			name = Debug;
		};
		0498F1701C3D422400D45983 /* Release */ = {
			isa = XCBuildConfiguration;
			baseConfigurationReference = 615C78D28A5835463F5B11B8 /* Pods-NVBBeaconSDK.release.xcconfig */;
			buildSettings = {
				DEFINES_MODULE = YES;
				DYLIB_COMPATIBILITY_VERSION = 1;
				DYLIB_CURRENT_VERSION = 1;
				DYLIB_INSTALL_NAME_BASE = "@rpath";
				GCC_PRECOMPILE_PREFIX_HEADER = YES;
				GCC_PREFIX_HEADER = "$(SRCROOT)/NVBBeaconSDK/NVBBeaconSDKPrefix.pch";
				INFOPLIST_FILE = NVBBeaconSDK/Info.plist;
				INSTALL_PATH = "$(LOCAL_LIBRARY_DIR)/Frameworks";
				IPHONEOS_DEPLOYMENT_TARGET = 8.0;
				LD_RUNPATH_SEARCH_PATHS = "$(inherited) @executable_path/Frameworks @loader_path/Frameworks";
				PRODUCT_BUNDLE_IDENTIFIER = NVB.NVBBeaconSDK;
				PRODUCT_NAME = "$(TARGET_NAME)";
				SKIP_INSTALL = YES;
			};
			name = Release;
		};
		0498F1721C3D422400D45983 /* Debug */ = {
			isa = XCBuildConfiguration;
			buildSettings = {
				INFOPLIST_FILE = NVBBeaconSDKTests/Info.plist;
				LD_RUNPATH_SEARCH_PATHS = "$(inherited) @executable_path/Frameworks @loader_path/Frameworks";
				PRODUCT_BUNDLE_IDENTIFIER = NVB.NVBBeaconSDKTests;
				PRODUCT_NAME = "$(TARGET_NAME)";
			};
			name = Debug;
		};
		0498F1731C3D422400D45983 /* Release */ = {
			isa = XCBuildConfiguration;
			buildSettings = {
				INFOPLIST_FILE = NVBBeaconSDKTests/Info.plist;
				LD_RUNPATH_SEARCH_PATHS = "$(inherited) @executable_path/Frameworks @loader_path/Frameworks";
				PRODUCT_BUNDLE_IDENTIFIER = NVB.NVBBeaconSDKTests;
				PRODUCT_NAME = "$(TARGET_NAME)";
			};
			name = Release;
		};
/* End XCBuildConfiguration section */

/* Begin XCConfigurationList section */
		0498F1541C3D422400D45983 /* Build configuration list for PBXProject "NVBBeaconSDK" */ = {
			isa = XCConfigurationList;
			buildConfigurations = (
				0498F16C1C3D422400D45983 /* Debug */,
				0498F16D1C3D422400D45983 /* Release */,
			);
			defaultConfigurationIsVisible = 0;
			defaultConfigurationName = Release;
		};
		0498F16E1C3D422400D45983 /* Build configuration list for PBXNativeTarget "NVBBeaconSDK" */ = {
			isa = XCConfigurationList;
			buildConfigurations = (
				0498F16F1C3D422400D45983 /* Debug */,
				0498F1701C3D422400D45983 /* Release */,
			);
			defaultConfigurationIsVisible = 0;
			defaultConfigurationName = Release;
		};
		0498F1711C3D422400D45983 /* Build configuration list for PBXNativeTarget "NVBBeaconSDKTests" */ = {
			isa = XCConfigurationList;
			buildConfigurations = (
				0498F1721C3D422400D45983 /* Debug */,
				0498F1731C3D422400D45983 /* Release */,
			);
			defaultConfigurationIsVisible = 0;
			defaultConfigurationName = Release;
		};
/* End XCConfigurationList section */
	};
	rootObject = 0498F1511C3D422400D45983 /* Project object */;
}
